{
  "originHash" : "7076cc271563fc5993bc7be46457ade6096a9aa51ef2c1c764759cdaa9149a9c",
  "pins" : [
    {
      "identity" : "swiftui-introspect",
      "kind" : "remoteSourceControl",
      "location" : "https://github.com/siteline/swiftui-introspect",
      "state" : {
        "revision" : "26986a57e31c813f98262ddb62d4b07d40008535",
        "version" : "26.0.1"
      }
    },
    {
      "identity" : "swiftui-variadic-views",
      "kind" : "remoteSourceControl",
      "location" : "https://github.com/lorenzofiamingo/swiftui-variadic-views",
      "state" : {
        "revision" : "af67d0e85bd2b499fbfb4cda834117e7c52b12b0",
        "version" : "1.0.0"
      }
    }
  ],
  "version" : 3
}
